
Microsoft Visual Studio Solution File, Format Version 12.00
# Visual Studio Version 17
VisualStudioVersion = 17.10.34928.147
MinimumVisualStudioVersion = 10.0.40219.1
Project("{2150E333-8FDC-42A3-9474-1A3956D46DE8}") = ".misc", ".misc", "{F741FF11-5F70-4E3B-BC72-9DA3090B90E9}"
	ProjectSection(SolutionItems) = preProject
		.editorconfig = .editorconfig
		test-ci.Dockerfile = test-ci.Dockerfile
		test.Dockerfile = test.Dockerfile
		testEnvironments.json = testEnvironments.json
	EndProjectSection
EndProject
Project("{2150E333-8FDC-42A3-9474-1A3956D46DE8}") = ".docs", ".docs", "{4F3FF1FF-F1F1-4A0F-805A-9ECCFD921660}"
	ProjectSection(SolutionItems) = preProject
		..\README.md = ..\README.md
		..\README_CLD2.md = ..\README_CLD2.md
		..\README_CLD3.md = ..\README_CLD3.md
		..\README_FASTTEXT.md = ..\README_FASTTEXT.md
		..\README_WHATLANG.md = ..\README_WHATLANG.md
	EndProjectSection
EndProject
Project("{9A19103F-16F7-4668-BE54-9A1E7A4F7556}") = "LanguageIdentification.CLD3", "LanguageIdentification.CLD3\LanguageIdentification.CLD3.csproj", "{43671662-433F-4CF1-B481-745BDC942A71}"
EndProject
Project("{9A19103F-16F7-4668-BE54-9A1E7A4F7556}") = "LanguageIdentification.CLD3.Native", "LanguageIdentification.CLD3.Native\LanguageIdentification.CLD3.Native.csproj", "{E521FE8B-6CF8-4136-9F52-F6006F76B9B5}"
EndProject
Project("{9A19103F-16F7-4668-BE54-9A1E7A4F7556}") = "LanguageIdentification.Tests", "LanguageIdentification.Tests\LanguageIdentification.Tests.csproj", "{F0F17FF6-98A7-4FEB-A67F-4757CB3A9EF9}"
EndProject
Project("{2150E333-8FDC-42A3-9474-1A3956D46DE8}") = ".deploy", ".deploy", "{B8D86748-B6D4-49D5-BCED-90FD25745442}"
	ProjectSection(SolutionItems) = preProject
		..\.github\workflows\github-ci.yml = ..\.github\workflows\github-ci.yml
	EndProjectSection
EndProject
Project("{9A19103F-16F7-4668-BE54-9A1E7A4F7556}") = "LanguageIdentification.CLD3.ConsoleTest", "LanguageIdentification.CLD3.ConsoleTest\LanguageIdentification.CLD3.ConsoleTest.csproj", "{86E715B3-DD4F-481D-B55C-86D00F847DB8}"
EndProject
Project("{2150E333-8FDC-42A3-9474-1A3956D46DE8}") = "cld3", "cld3", "{F54C81D9-9016-4C2B-8580-B53D513F1312}"
EndProject
Project("{2150E333-8FDC-42A3-9474-1A3956D46DE8}") = "fasttext", "fasttext", "{FCC39A16-91D3-48C6-BEBE-4CFB4CA6A365}"
EndProject
Project("{9A19103F-16F7-4668-BE54-9A1E7A4F7556}") = "LanguageIdentification.FastText", "LanguageIdentification.FastText\LanguageIdentification.FastText.csproj", "{9310BAF6-084A-43C8-8949-B84A29B67A2A}"
EndProject
Project("{9A19103F-16F7-4668-BE54-9A1E7A4F7556}") = "LanguageIdentification.FastText.ConsoleTest", "LanguageIdentification.FastText.ConsoleTest\LanguageIdentification.FastText.ConsoleTest.csproj", "{F9061126-EC76-4405-B8F4-ADBF436B66D6}"
EndProject
Project("{9A19103F-16F7-4668-BE54-9A1E7A4F7556}") = "LanguageIdentification.FastText.Native", "LanguageIdentification.FastText.Native\LanguageIdentification.FastText.Native.csproj", "{B6A6035E-AB74-4188-87D1-176C160A60B0}"
EndProject
Project("{2150E333-8FDC-42A3-9474-1A3956D46DE8}") = "cld2", "cld2", "{33499C07-9A27-4AD7-9855-F01EAEC392CD}"
EndProject
Project("{9A19103F-16F7-4668-BE54-9A1E7A4F7556}") = "LanguageIdentification.CLD2", "LanguageIdentification.CLD2\LanguageIdentification.CLD2.csproj", "{933AE320-DCC7-483D-8D3A-DC79A30CE275}"
EndProject
Project("{9A19103F-16F7-4668-BE54-9A1E7A4F7556}") = "LanguageIdentification.CLD2.Native", "LanguageIdentification.CLD2.Native\LanguageIdentification.CLD2.Native.csproj", "{FA0388BE-DF78-41D4-A09D-9EE1DED77097}"
EndProject
Project("{9A19103F-16F7-4668-BE54-9A1E7A4F7556}") = "LanguageIdentification.CLD2.ConsoleTest", "LanguageIdentification.CLD2.ConsoleTest\LanguageIdentification.CLD2.ConsoleTest.csproj", "{7FD7BC00-00A2-4391-94D1-CD848C5DD471}"
EndProject
Project("{2150E333-8FDC-42A3-9474-1A3956D46DE8}") = "whatlang", "whatlang", "{C930A06F-0951-4774-97CC-001A477C1092}"
EndProject
Project("{9A19103F-16F7-4668-BE54-9A1E7A4F7556}") = "LanguageIdentification.Whatlang.ConsoleTest", "LanguageIdentification.Whatlang.ConsoleTest\LanguageIdentification.Whatlang.ConsoleTest.csproj", "{B76A01EA-4FA5-414F-B7FD-0F7741F7F29D}"
EndProject
Project("{9A19103F-16F7-4668-BE54-9A1E7A4F7556}") = "LanguageIdentification.Whatlang.Native", "LanguageIdentification.Whatlang.Native\LanguageIdentification.Whatlang.Native.csproj", "{047FA65C-E597-4C7A-9AC9-C689ACB85C60}"
EndProject
Project("{9A19103F-16F7-4668-BE54-9A1E7A4F7556}") = "LanguageIdentification.Whatlang", "LanguageIdentification.Whatlang\LanguageIdentification.Whatlang.csproj", "{E12065C1-B27B-49F6-A401-0F468B63F0F4}"
EndProject
Project("{2150E333-8FDC-42A3-9474-1A3956D46DE8}") = "iso639", "iso639", "{3BF8041C-86B9-4F4E-AA4D-6E907951B85B}"
EndProject
Project("{9A19103F-16F7-4668-BE54-9A1E7A4F7556}") = "LangaugeCode", "LangaugeCode\LangaugeCode.csproj", "{E8FD2064-3BA2-4DBB-A4E2-FFD83A07468F}"
EndProject
Project("{9A19103F-16F7-4668-BE54-9A1E7A4F7556}") = "LangaugeCode.Core", "LangaugeCode.Core\LangaugeCode.Core.csproj", "{170F7EDD-B441-42FC-9511-D63463110A13}"
EndProject
Project("{9A19103F-16F7-4668-BE54-9A1E7A4F7556}") = "LangaugeCode.Generator", "LangaugeCode.Generator\LangaugeCode.Generator.csproj", "{56AED860-4A4D-4574-83AD-4C2C1F120321}"
EndProject
Project("{9A19103F-16F7-4668-BE54-9A1E7A4F7556}") = "LangaugeCode.ConsoleTest", "LangaugeCode.ConsoleTest\LangaugeCode.ConsoleTest.csproj", "{9B4140D4-20B1-47B8-A08D-746B3CC3430F}"
EndProject
Global
	GlobalSection(SolutionConfigurationPlatforms) = preSolution
		Debug|Any CPU = Debug|Any CPU
		Release|Any CPU = Release|Any CPU
	EndGlobalSection
	GlobalSection(ProjectConfigurationPlatforms) = postSolution
		{43671662-433F-4CF1-B481-745BDC942A71}.Debug|Any CPU.ActiveCfg = Debug|Any CPU
		{43671662-433F-4CF1-B481-745BDC942A71}.Debug|Any CPU.Build.0 = Debug|Any CPU
		{43671662-433F-4CF1-B481-745BDC942A71}.Release|Any CPU.ActiveCfg = Release|Any CPU
		{43671662-433F-4CF1-B481-745BDC942A71}.Release|Any CPU.Build.0 = Release|Any CPU
		{E521FE8B-6CF8-4136-9F52-F6006F76B9B5}.Debug|Any CPU.ActiveCfg = Debug|Any CPU
		{E521FE8B-6CF8-4136-9F52-F6006F76B9B5}.Debug|Any CPU.Build.0 = Debug|Any CPU
		{E521FE8B-6CF8-4136-9F52-F6006F76B9B5}.Release|Any CPU.ActiveCfg = Release|Any CPU
		{E521FE8B-6CF8-4136-9F52-F6006F76B9B5}.Release|Any CPU.Build.0 = Release|Any CPU
		{F0F17FF6-98A7-4FEB-A67F-4757CB3A9EF9}.Debug|Any CPU.ActiveCfg = Debug|Any CPU
		{F0F17FF6-98A7-4FEB-A67F-4757CB3A9EF9}.Debug|Any CPU.Build.0 = Debug|Any CPU
		{F0F17FF6-98A7-4FEB-A67F-4757CB3A9EF9}.Release|Any CPU.ActiveCfg = Release|Any CPU
		{F0F17FF6-98A7-4FEB-A67F-4757CB3A9EF9}.Release|Any CPU.Build.0 = Release|Any CPU
		{86E715B3-DD4F-481D-B55C-86D00F847DB8}.Debug|Any CPU.ActiveCfg = Debug|Any CPU
		{86E715B3-DD4F-481D-B55C-86D00F847DB8}.Debug|Any CPU.Build.0 = Debug|Any CPU
		{86E715B3-DD4F-481D-B55C-86D00F847DB8}.Release|Any CPU.ActiveCfg = Release|Any CPU
		{86E715B3-DD4F-481D-B55C-86D00F847DB8}.Release|Any CPU.Build.0 = Release|Any CPU
		{9310BAF6-084A-43C8-8949-B84A29B67A2A}.Debug|Any CPU.ActiveCfg = Debug|Any CPU
		{9310BAF6-084A-43C8-8949-B84A29B67A2A}.Debug|Any CPU.Build.0 = Debug|Any CPU
		{9310BAF6-084A-43C8-8949-B84A29B67A2A}.Release|Any CPU.ActiveCfg = Release|Any CPU
		{9310BAF6-084A-43C8-8949-B84A29B67A2A}.Release|Any CPU.Build.0 = Release|Any CPU
		{F9061126-EC76-4405-B8F4-ADBF436B66D6}.Debug|Any CPU.ActiveCfg = Debug|Any CPU
		{F9061126-EC76-4405-B8F4-ADBF436B66D6}.Debug|Any CPU.Build.0 = Debug|Any CPU
		{F9061126-EC76-4405-B8F4-ADBF436B66D6}.Release|Any CPU.ActiveCfg = Release|Any CPU
		{F9061126-EC76-4405-B8F4-ADBF436B66D6}.Release|Any CPU.Build.0 = Release|Any CPU
		{B6A6035E-AB74-4188-87D1-176C160A60B0}.Debug|Any CPU.ActiveCfg = Debug|Any CPU
		{B6A6035E-AB74-4188-87D1-176C160A60B0}.Debug|Any CPU.Build.0 = Debug|Any CPU
		{B6A6035E-AB74-4188-87D1-176C160A60B0}.Release|Any CPU.ActiveCfg = Release|Any CPU
		{B6A6035E-AB74-4188-87D1-176C160A60B0}.Release|Any CPU.Build.0 = Release|Any CPU
		{933AE320-DCC7-483D-8D3A-DC79A30CE275}.Debug|Any CPU.ActiveCfg = Debug|Any CPU
		{933AE320-DCC7-483D-8D3A-DC79A30CE275}.Debug|Any CPU.Build.0 = Debug|Any CPU
		{933AE320-DCC7-483D-8D3A-DC79A30CE275}.Release|Any CPU.ActiveCfg = Release|Any CPU
		{933AE320-DCC7-483D-8D3A-DC79A30CE275}.Release|Any CPU.Build.0 = Release|Any CPU
		{FA0388BE-DF78-41D4-A09D-9EE1DED77097}.Debug|Any CPU.ActiveCfg = Debug|Any CPU
		{FA0388BE-DF78-41D4-A09D-9EE1DED77097}.Debug|Any CPU.Build.0 = Debug|Any CPU
		{FA0388BE-DF78-41D4-A09D-9EE1DED77097}.Release|Any CPU.ActiveCfg = Release|Any CPU
		{FA0388BE-DF78-41D4-A09D-9EE1DED77097}.Release|Any CPU.Build.0 = Release|Any CPU
		{7FD7BC00-00A2-4391-94D1-CD848C5DD471}.Debug|Any CPU.ActiveCfg = Debug|Any CPU
		{7FD7BC00-00A2-4391-94D1-CD848C5DD471}.Debug|Any CPU.Build.0 = Debug|Any CPU
		{7FD7BC00-00A2-4391-94D1-CD848C5DD471}.Release|Any CPU.ActiveCfg = Release|Any CPU
		{7FD7BC00-00A2-4391-94D1-CD848C5DD471}.Release|Any CPU.Build.0 = Release|Any CPU
		{B76A01EA-4FA5-414F-B7FD-0F7741F7F29D}.Debug|Any CPU.ActiveCfg = Debug|Any CPU
		{B76A01EA-4FA5-414F-B7FD-0F7741F7F29D}.Debug|Any CPU.Build.0 = Debug|Any CPU
		{B76A01EA-4FA5-414F-B7FD-0F7741F7F29D}.Release|Any CPU.ActiveCfg = Release|Any CPU
		{B76A01EA-4FA5-414F-B7FD-0F7741F7F29D}.Release|Any CPU.Build.0 = Release|Any CPU
		{047FA65C-E597-4C7A-9AC9-C689ACB85C60}.Debug|Any CPU.ActiveCfg = Debug|Any CPU
		{047FA65C-E597-4C7A-9AC9-C689ACB85C60}.Debug|Any CPU.Build.0 = Debug|Any CPU
		{047FA65C-E597-4C7A-9AC9-C689ACB85C60}.Release|Any CPU.ActiveCfg = Release|Any CPU
		{047FA65C-E597-4C7A-9AC9-C689ACB85C60}.Release|Any CPU.Build.0 = Release|Any CPU
		{E12065C1-B27B-49F6-A401-0F468B63F0F4}.Debug|Any CPU.ActiveCfg = Debug|Any CPU
		{E12065C1-B27B-49F6-A401-0F468B63F0F4}.Debug|Any CPU.Build.0 = Debug|Any CPU
		{E12065C1-B27B-49F6-A401-0F468B63F0F4}.Release|Any CPU.ActiveCfg = Release|Any CPU
		{E12065C1-B27B-49F6-A401-0F468B63F0F4}.Release|Any CPU.Build.0 = Release|Any CPU
		{E8FD2064-3BA2-4DBB-A4E2-FFD83A07468F}.Debug|Any CPU.ActiveCfg = Debug|Any CPU
		{E8FD2064-3BA2-4DBB-A4E2-FFD83A07468F}.Debug|Any CPU.Build.0 = Debug|Any CPU
		{E8FD2064-3BA2-4DBB-A4E2-FFD83A07468F}.Release|Any CPU.ActiveCfg = Release|Any CPU
		{E8FD2064-3BA2-4DBB-A4E2-FFD83A07468F}.Release|Any CPU.Build.0 = Release|Any CPU
		{170F7EDD-B441-42FC-9511-D63463110A13}.Debug|Any CPU.ActiveCfg = Debug|Any CPU
		{170F7EDD-B441-42FC-9511-D63463110A13}.Debug|Any CPU.Build.0 = Debug|Any CPU
		{170F7EDD-B441-42FC-9511-D63463110A13}.Release|Any CPU.ActiveCfg = Release|Any CPU
		{170F7EDD-B441-42FC-9511-D63463110A13}.Release|Any CPU.Build.0 = Release|Any CPU
		{56AED860-4A4D-4574-83AD-4C2C1F120321}.Debug|Any CPU.ActiveCfg = Debug|Any CPU
		{56AED860-4A4D-4574-83AD-4C2C1F120321}.Debug|Any CPU.Build.0 = Debug|Any CPU
		{56AED860-4A4D-4574-83AD-4C2C1F120321}.Release|Any CPU.ActiveCfg = Release|Any CPU
		{56AED860-4A4D-4574-83AD-4C2C1F120321}.Release|Any CPU.Build.0 = Release|Any CPU
		{9B4140D4-20B1-47B8-A08D-746B3CC3430F}.Debug|Any CPU.ActiveCfg = Debug|Any CPU
		{9B4140D4-20B1-47B8-A08D-746B3CC3430F}.Debug|Any CPU.Build.0 = Debug|Any CPU
		{9B4140D4-20B1-47B8-A08D-746B3CC3430F}.Release|Any CPU.ActiveCfg = Release|Any CPU
		{9B4140D4-20B1-47B8-A08D-746B3CC3430F}.Release|Any CPU.Build.0 = Release|Any CPU
	EndGlobalSection
	GlobalSection(SolutionProperties) = preSolution
		HideSolutionNode = FALSE
	EndGlobalSection
	GlobalSection(NestedProjects) = preSolution
		{43671662-433F-4CF1-B481-745BDC942A71} = {F54C81D9-9016-4C2B-8580-B53D513F1312}
		{E521FE8B-6CF8-4136-9F52-F6006F76B9B5} = {F54C81D9-9016-4C2B-8580-B53D513F1312}
		{86E715B3-DD4F-481D-B55C-86D00F847DB8} = {F54C81D9-9016-4C2B-8580-B53D513F1312}
		{9310BAF6-084A-43C8-8949-B84A29B67A2A} = {FCC39A16-91D3-48C6-BEBE-4CFB4CA6A365}
		{F9061126-EC76-4405-B8F4-ADBF436B66D6} = {FCC39A16-91D3-48C6-BEBE-4CFB4CA6A365}
		{B6A6035E-AB74-4188-87D1-176C160A60B0} = {FCC39A16-91D3-48C6-BEBE-4CFB4CA6A365}
		{933AE320-DCC7-483D-8D3A-DC79A30CE275} = {33499C07-9A27-4AD7-9855-F01EAEC392CD}
		{FA0388BE-DF78-41D4-A09D-9EE1DED77097} = {33499C07-9A27-4AD7-9855-F01EAEC392CD}
		{7FD7BC00-00A2-4391-94D1-CD848C5DD471} = {33499C07-9A27-4AD7-9855-F01EAEC392CD}
		{B76A01EA-4FA5-414F-B7FD-0F7741F7F29D} = {C930A06F-0951-4774-97CC-001A477C1092}
		{047FA65C-E597-4C7A-9AC9-C689ACB85C60} = {C930A06F-0951-4774-97CC-001A477C1092}
		{E12065C1-B27B-49F6-A401-0F468B63F0F4} = {C930A06F-0951-4774-97CC-001A477C1092}
		{E8FD2064-3BA2-4DBB-A4E2-FFD83A07468F} = {3BF8041C-86B9-4F4E-AA4D-6E907951B85B}
		{170F7EDD-B441-42FC-9511-D63463110A13} = {3BF8041C-86B9-4F4E-AA4D-6E907951B85B}
		{56AED860-4A4D-4574-83AD-4C2C1F120321} = {3BF8041C-86B9-4F4E-AA4D-6E907951B85B}
		{9B4140D4-20B1-47B8-A08D-746B3CC3430F} = {3BF8041C-86B9-4F4E-AA4D-6E907951B85B}
	EndGlobalSection
	GlobalSection(ExtensibilityGlobals) = postSolution
		SolutionGuid = {C9437BCA-E720-4E50-AD1B-6AC91C4A4E5C}
	EndGlobalSection
EndGlobal
